
Microsoft Visual Studio Solution File, Format Version 12.00
# Visual Studio 15
VisualStudioVersion = 15.0.28010.2016
MinimumVisualStudioVersion = 10.0.40219.1
Project("{8BC9CEB8-8B4A-11D0-8D11-00A0C91BC942}") = "Minesweeper", "Minesweeper\Minesweeper.vcxproj", "{D13CE233-3DCE-4575-8C47-227E1621C12B}"
EndProject
Global
	GlobalSection(SolutionConfigurationPlatforms) = preSolution
		Debug|x64 = Debug|x64
		Debug|x86 = Debug|x86
		Release|x64 = Release|x64
		Release|x86 = Release|x86
	EndGlobalSection
	GlobalSection(ProjectConfigurationPlatforms) = postSolution
		{D13CE233-3DCE-4575-8C47-227E1621C12B}.Debug|x64.ActiveCfg = Debug|x64
		{D13CE233-3DCE-4575-8C47-227E1621C12B}.Debug|x64.Build.0 = Debug|x64
		{D13CE233-3DCE-4575-8C47-227E1621C12B}.Debug|x86.ActiveCfg = Debug|Win32
		{D13CE233-3DCE-4575-8C47-227E1621C12B}.Debug|x86.Build.0 = Debug|Win32
		{D13CE233-3DCE-4575-8C47-227E1621C12B}.Release|x64.ActiveCfg = Release|x64
		{D13CE233-3DCE-4575-8C47-227E1621C12B}.Release|x64.Build.0 = Release|x64
		{D13CE233-3DCE-4575-8C47-227E1621C12B}.Release|x86.ActiveCfg = Release|Win32
		{D13CE233-3DCE-4575-8C47-227E1621C12B}.Release|x86.Build.0 = Release|Win32
	EndGlobalSection
	GlobalSection(SolutionProperties) = preSolution
		HideSolutionNode = FALSE
	EndGlobalSection
	GlobalSection(ExtensibilityGlobals) = postSolution
		SolutionGuid = {7F36E031-9E34-4244-840D-CEE6BEBAC2EF}
	EndGlobalSection
EndGlobal
